
Microsoft Visual Studio Solution File, Format Version 12.00
# Visual Studio Version 17
VisualStudioVersion = 17.6.33723.286
MinimumVisualStudioVersion = 10.0.40219.1
Project("{FAE04EC0-301F-11D3-BF4B-00C04F79EFBC}") = "SignalRProject", "SignalRProject\SignalRProject.csproj", "{3DB34B17-34B9-4947-8294-797F1E5F7E43}"
EndProject
Project("{FAE04EC0-301F-11D3-BF4B-00C04F79EFBC}") = "SignalRProjectAPI", "SignalRProjectAPI\SignalRProjectAPI.csproj", "{17242FBB-4671-4054-A16A-6042EC06414A}"
EndProject
Global
	GlobalSection(SolutionConfigurationPlatforms) = preSolution
		Debug|Any CPU = Debug|Any CPU
		Release|Any CPU = Release|Any CPU
	EndGlobalSection
	GlobalSection(ProjectConfigurationPlatforms) = postSolution
		{3DB34B17-34B9-4947-8294-797F1E5F7E43}.Debug|Any CPU.ActiveCfg = Debug|Any CPU
		{3DB34B17-34B9-4947-8294-797F1E5F7E43}.Debug|Any CPU.Build.0 = Debug|Any CPU
		{3DB34B17-34B9-4947-8294-797F1E5F7E43}.Release|Any CPU.ActiveCfg = Release|Any CPU
		{3DB34B17-34B9-4947-8294-797F1E5F7E43}.Release|Any CPU.Build.0 = Release|Any CPU
		{17242FBB-4671-4054-A16A-6042EC06414A}.Debug|Any CPU.ActiveCfg = Debug|Any CPU
		{17242FBB-4671-4054-A16A-6042EC06414A}.Debug|Any CPU.Build.0 = Debug|Any CPU
		{17242FBB-4671-4054-A16A-6042EC06414A}.Release|Any CPU.ActiveCfg = Release|Any CPU
		{17242FBB-4671-4054-A16A-6042EC06414A}.Release|Any CPU.Build.0 = Release|Any CPU
	EndGlobalSection
	GlobalSection(SolutionProperties) = preSolution
		HideSolutionNode = FALSE
	EndGlobalSection
	GlobalSection(ExtensibilityGlobals) = postSolution
		SolutionGuid = {B185FB90-623F-44EB-A270-FD565FFB7640}
	EndGlobalSection
EndGlobal
